{
  "name": "same-name-node-bin",
  "version": "1.0.0",
  "lockfileVersion": 2,
  "requires": true,
  "packages": {
    "": {
      "version": "1.0.0",
      "license": "MIT",
      "dependencies": {
        "same-name-node-bin-for-aaa": "github:ojisan-toybox/same-name-node-bin-for-aaa",
        "same-name-node-bin-for-bbb": "github:ojisan-toybox/same-name-node-bin-for-bbb"
      }
    },
    "node_modules/same-name-node-bin-for-aaa": {
      "version": "1.0.0",
      "resolved": "git+ssh://git@github.com/ojisan-toybox/same-name-node-bin-for-aaa.git#01a474e722f6554d1b57e2f5959541d69b8c3867",
      "license": "ISC",
      "bin": {
        "same-node-bin-for": "bin/aaa.js"
      }
    },
    "node_modules/same-name-node-bin-for-bbb": {
      "version": "1.0.0",
      "resolved": "git+ssh://git@github.com/ojisan-toybox/same-name-node-bin-for-bbb.git#e2e1e63526e0dc8af1a6c4588730e2517da4fb09",
      "license": "ISC",
      "bin": {
        "same-node-bin-for": "bin/bbb.js"
      }
    }
  },
  "dependencies": {
    "same-name-node-bin-for-aaa": {
      "version": "git+ssh://git@github.com/ojisan-toybox/same-name-node-bin-for-aaa.git#01a474e722f6554d1b57e2f5959541d69b8c3867",
      "from": "same-name-node-bin-for-aaa@github:ojisan-toybox/same-name-node-bin-for-aaa"
    },
    "same-name-node-bin-for-bbb": {
      "version": "git+ssh://git@github.com/ojisan-toybox/same-name-node-bin-for-bbb.git#e2e1e63526e0dc8af1a6c4588730e2517da4fb09",
      "from": "same-name-node-bin-for-bbb@github:ojisan-toybox/same-name-node-bin-for-bbb"
    }
  }
}
